// !$*UTF8*$!
{
	archiveVersion = 1;
	classes = {
	};
	objectVersion = 45;
	objects = {

/* Begin PBXBuildFile section */
		0974657D13142A2200DBA2C6 /* libtinyxml_d.a in Frameworks */ = {isa = PBXBuildFile; fileRef = FF8C2D121313DC9500646B90 /* libtinyxml_d.a */; };
		0974657E13142A2200DBA2C6 /* libdScene_d.a in Frameworks */ = {isa = PBXBuildFile; fileRef = FF8C2D071313DC7F00646B90 /* libdScene_d.a */; };
		0974657F13142A2200DBA2C6 /* libdContainers_d.a in Frameworks */ = {isa = PBXBuildFile; fileRef = FF8C2CFC1313DC6A00646B90 /* libdContainers_d.a */; };
		0974658013142A2200DBA2C6 /* libdMath_d.a in Frameworks */ = {isa = PBXBuildFile; fileRef = FF8C2CF11313DC3700646B90 /* libdMath_d.a */; };
		09AD1AB4131433160054D1B6 /* CoreFoundation.framework in Frameworks */ = {isa = PBXBuildFile; fileRef = 09AD1AB3131433160054D1B6 /* CoreFoundation.framework */; };
		FF8F28B2131367150019E923 /* OpenGL.framework in Frameworks */ = {isa = PBXBuildFile; fileRef = FF8F28B1131367150019E923 /* OpenGL.framework */; };
		FFF60F461556D9F100E7B112 /* DemoAIAgent.cpp in Sources */ = {isa = PBXBuildFile; fileRef = FFF60F2D1556D9F100E7B112 /* DemoAIAgent.cpp */; };
		FFF60F471556D9F100E7B112 /* DemoAIListener.cpp in Sources */ = {isa = PBXBuildFile; fileRef = FFF60F2F1556D9F100E7B112 /* DemoAIListener.cpp */; };
		FFF60F481556D9F100E7B112 /* DemoCamera.cpp in Sources */ = {isa = PBXBuildFile; fileRef = FFF60F311556D9F100E7B112 /* DemoCamera.cpp */; };
		FFF60F491556D9F100E7B112 /* DemoEntity.cpp in Sources */ = {isa = PBXBuildFile; fileRef = FFF60F331556D9F100E7B112 /* DemoEntity.cpp */; };
		FFF60F4A1556D9F100E7B112 /* DemoEntityListener.cpp in Sources */ = {isa = PBXBuildFile; fileRef = FFF60F351556D9F100E7B112 /* DemoEntityListener.cpp */; };
		FFF60F4B1556D9F100E7B112 /* DemoEntityManager.cpp in Sources */ = {isa = PBXBuildFile; fileRef = FFF60F371556D9F100E7B112 /* DemoEntityManager.cpp */; };
		FFF60F4C1556D9F100E7B112 /* DemoListenerManager.cpp in Sources */ = {isa = PBXBuildFile; fileRef = FFF60F391556D9F100E7B112 /* DemoListenerManager.cpp */; };
		FFF60F4D1556D9F100E7B112 /* DemoMenu.cpp in Sources */ = {isa = PBXBuildFile; fileRef = FFF60F3B1556D9F100E7B112 /* DemoMenu.cpp */; };
		FFF60F4E1556D9F100E7B112 /* DemoMesh.cpp in Sources */ = {isa = PBXBuildFile; fileRef = FFF60F3D1556D9F100E7B112 /* DemoMesh.cpp */; };
		FFF60F4F1556D9F100E7B112 /* DemoSoundListener.cpp in Sources */ = {isa = PBXBuildFile; fileRef = FFF60F3F1556D9F100E7B112 /* DemoSoundListener.cpp */; };
		FFF60F501556D9F100E7B112 /* DemoVisualDebugerListener.cpp in Sources */ = {isa = PBXBuildFile; fileRef = FFF60F411556D9F100E7B112 /* DemoVisualDebugerListener.cpp */; };
		FFF60F511556D9F100E7B112 /* NewtonDemos.cpp in Sources */ = {isa = PBXBuildFile; fileRef = FFF60F441556D9F100E7B112 /* NewtonDemos.cpp */; };
		FFF60F791556DA2300E7B112 /* ArchimedesBuoyancy.cpp in Sources */ = {isa = PBXBuildFile; fileRef = FFF60F521556DA2300E7B112 /* ArchimedesBuoyancy.cpp */; };
		FFF60F7A1556DA2300E7B112 /* BasicCar.cpp in Sources */ = {isa = PBXBuildFile; fileRef = FFF60F531556DA2300E7B112 /* BasicCar.cpp */; };
		FFF60F7C1556DA2300E7B112 /* BasicFriction.cpp in Sources */ = {isa = PBXBuildFile; fileRef = FFF60F551556DA2300E7B112 /* BasicFriction.cpp */; };
		FFF60F7E1556DA2300E7B112 /* BasicRestitution.cpp in Sources */ = {isa = PBXBuildFile; fileRef = FFF60F571556DA2300E7B112 /* BasicRestitution.cpp */; };
		FFF60F811556DA2300E7B112 /* BasicStacking.cpp in Sources */ = {isa = PBXBuildFile; fileRef = FFF60F5A1556DA2300E7B112 /* BasicStacking.cpp */; };
		FFF60F831556DA2300E7B112 /* CharacterController.cpp in Sources */ = {isa = PBXBuildFile; fileRef = FFF60F5C1556DA2300E7B112 /* CharacterController.cpp */; };
		FFF60F841556DA2300E7B112 /* ClosestDistance.cpp in Sources */ = {isa = PBXBuildFile; fileRef = FFF60F5D1556DA2300E7B112 /* ClosestDistance.cpp */; };
		FFF60F851556DA2300E7B112 /* CompoundCollision.cpp in Sources */ = {isa = PBXBuildFile; fileRef = FFF60F5E1556DA2300E7B112 /* CompoundCollision.cpp */; };
		FFF60F861556DA2300E7B112 /* ContinueCollision.cpp in Sources */ = {isa = PBXBuildFile; fileRef = FFF60F5F1556DA2300E7B112 /* ContinueCollision.cpp */; };
		FFF60F871556DA2300E7B112 /* ConvexApproximation.cpp in Sources */ = {isa = PBXBuildFile; fileRef = FFF60F601556DA2300E7B112 /* ConvexApproximation.cpp */; };
		FFF60F881556DA2300E7B112 /* ConvexCast.cpp in Sources */ = {isa = PBXBuildFile; fileRef = FFF60F611556DA2300E7B112 /* ConvexCast.cpp */; };
		FFF60F891556DA2300E7B112 /* HeavyVehicles.cpp in Sources */ = {isa = PBXBuildFile; fileRef = FFF60F621556DA2300E7B112 /* HeavyVehicles.cpp */; };
		FFF60F8A1556DA2300E7B112 /* HeighFieldCollision.cpp in Sources */ = {isa = PBXBuildFile; fileRef = FFF60F631556DA2300E7B112 /* HeighFieldCollision.cpp */; };
		FFF60F8D1556DA2300E7B112 /* MeshCollision.cpp in Sources */ = {isa = PBXBuildFile; fileRef = FFF60F661556DA2300E7B112 /* MeshCollision.cpp */; };
		FFF60F8F1556DA2300E7B112 /* MultiRayCasting.cpp in Sources */ = {isa = PBXBuildFile; fileRef = FFF60F681556DA2300E7B112 /* MultiRayCasting.cpp */; };
		FFF60F901556DA2300E7B112 /* PrecessingTops.cpp in Sources */ = {isa = PBXBuildFile; fileRef = FFF60F691556DA2300E7B112 /* PrecessingTops.cpp */; };
		FFF60F921556DA2300E7B112 /* PrimitiveCollision.cpp in Sources */ = {isa = PBXBuildFile; fileRef = FFF60F6B1556DA2300E7B112 /* PrimitiveCollision.cpp */; };
		FFF60F951556DA2300E7B112 /* ScaledCollision.cpp in Sources */ = {isa = PBXBuildFile; fileRef = FFF60F6E1556DA2300E7B112 /* ScaledCollision.cpp */; };
		FFF60F961556DA2300E7B112 /* SceneCollision.cpp in Sources */ = {isa = PBXBuildFile; fileRef = FFF60F6F1556DA2300E7B112 /* SceneCollision.cpp */; };
		FFF60F971556DA2300E7B112 /* SimpleConvexShatter.cpp in Sources */ = {isa = PBXBuildFile; fileRef = FFF60F701556DA2300E7B112 /* SimpleConvexShatter.cpp */; };
		FFF60F981556DA2300E7B112 /* SoftBodies.cpp in Sources */ = {isa = PBXBuildFile; fileRef = FFF60F711556DA2300E7B112 /* SoftBodies.cpp */; };
		FFF60F9A1556DA2300E7B112 /* SuperCar.cpp in Sources */ = {isa = PBXBuildFile; fileRef = FFF60F731556DA2300E7B112 /* SuperCar.cpp */; };
		FFF60F9E1556DA2300E7B112 /* UsingNewtonMeshTool.cpp in Sources */ = {isa = PBXBuildFile; fileRef = FFF60F771556DA2300E7B112 /* UsingNewtonMeshTool.cpp */; };
		FFF60FBE1556DBB400E7B112 /* DebugDisplay.cpp in Sources */ = {isa = PBXBuildFile; fileRef = FFF60FA01556DBB400E7B112 /* DebugDisplay.cpp */; };
		FFF60FBF1556DBB400E7B112 /* dHighResolutionTimer.cpp in Sources */ = {isa = PBXBuildFile; fileRef = FFF60FA21556DBB400E7B112 /* dHighResolutionTimer.cpp */; };
		FFF60FC01556DBB400E7B112 /* dRuntimeProfiler.cpp in Sources */ = {isa = PBXBuildFile; fileRef = FFF60FA41556DBB400E7B112 /* dRuntimeProfiler.cpp */; };
		FFF60FC11556DBB400E7B112 /* dSoundManager.cpp in Sources */ = {isa = PBXBuildFile; fileRef = FFF60FA61556DBB400E7B112 /* dSoundManager.cpp */; };
		FFF60FC21556DBB400E7B112 /* HeightFieldPrimitive.cpp in Sources */ = {isa = PBXBuildFile; fileRef = FFF60FA81556DBB400E7B112 /* HeightFieldPrimitive.cpp */; };
		FFF60FC41556DBB400E7B112 /* MousePick.cpp in Sources */ = {isa = PBXBuildFile; fileRef = FFF60FAC1556DBB400E7B112 /* MousePick.cpp */; };
		FFF60FC51556DBB400E7B112 /* OpenGlUtil.cpp in Sources */ = {isa = PBXBuildFile; fileRef = FFF60FAE1556DBB400E7B112 /* OpenGlUtil.cpp */; };
		FFF60FC61556DBB400E7B112 /* PhysicsUtils.cpp in Sources */ = {isa = PBXBuildFile; fileRef = FFF60FB01556DBB400E7B112 /* PhysicsUtils.cpp */; };
		FFF60FC91556DBB400E7B112 /* SkyBox.cpp in Sources */ = {isa = PBXBuildFile; fileRef = FFF60FB61556DBB400E7B112 /* SkyBox.cpp */; };
		FFF60FCA1556DBB400E7B112 /* TargaToOpenGl.cpp in Sources */ = {isa = PBXBuildFile; fileRef = FFF60FB81556DBB400E7B112 /* TargaToOpenGl.cpp */; };
		FFF60FCB1556DBB400E7B112 /* toolbox_stdafx.cpp in Sources */ = {isa = PBXBuildFile; fileRef = FFF60FBA1556DBB400E7B112 /* toolbox_stdafx.cpp */; };
/* End PBXBuildFile section */

/* Begin PBXContainerItemProxy section */
		0974657213142A0400DBA2C6 /* PBXContainerItemProxy */ = {
			isa = PBXContainerItemProxy;
			containerPortal = FF8C2D0A1313DC9500646B90 /* tinyxml.xcodeproj */;
			proxyType = 1;
			remoteGlobalIDString = D2AAC06E0554671400DB518D;
			remoteInfo = tinyxml;
		};
		0974657413142A0600DBA2C6 /* PBXContainerItemProxy */ = {
			isa = PBXContainerItemProxy;
			containerPortal = FF8C2CF41313DC6A00646B90 /* dContainers.xcodeproj */;
			proxyType = 1;
			remoteGlobalIDString = D2AAC06E0554671400DB518D;
			remoteInfo = dContainers;
		};
		0974657613142A0800DBA2C6 /* PBXContainerItemProxy */ = {
			isa = PBXContainerItemProxy;
			containerPortal = FF8C2CFF1313DC7F00646B90 /* dScene.xcodeproj */;
			proxyType = 1;
			remoteGlobalIDString = D2AAC06E0554671400DB518D;
			remoteInfo = dScene;
		};
		0974657813142A0B00DBA2C6 /* PBXContainerItemProxy */ = {
			isa = PBXContainerItemProxy;
			containerPortal = FF8C2CE91313DC3700646B90 /* dMath.xcodeproj */;
			proxyType = 1;
			remoteGlobalIDString = D2AAC06E0554671400DB518D;
			remoteInfo = dMath;
		};
		FF8C2CF01313DC3700646B90 /* PBXContainerItemProxy */ = {
			isa = PBXContainerItemProxy;
			containerPortal = FF8C2CE91313DC3700646B90 /* dMath.xcodeproj */;
			proxyType = 2;
			remoteGlobalIDString = D2AAC06F0554671400DB518D;
			remoteInfo = dMath;
		};
		FF8C2CFB1313DC6A00646B90 /* PBXContainerItemProxy */ = {
			isa = PBXContainerItemProxy;
			containerPortal = FF8C2CF41313DC6A00646B90 /* dContainers.xcodeproj */;
			proxyType = 2;
			remoteGlobalIDString = D2AAC06F0554671400DB518D;
			remoteInfo = dContainers;
		};
		FF8C2D061313DC7F00646B90 /* PBXContainerItemProxy */ = {
			isa = PBXContainerItemProxy;
			containerPortal = FF8C2CFF1313DC7F00646B90 /* dScene.xcodeproj */;
			proxyType = 2;
			remoteGlobalIDString = D2AAC06F0554671400DB518D;
			remoteInfo = dScene;
		};
		FF8C2D111313DC9500646B90 /* PBXContainerItemProxy */ = {
			isa = PBXContainerItemProxy;
			containerPortal = FF8C2D0A1313DC9500646B90 /* tinyxml.xcodeproj */;
			proxyType = 2;
			remoteGlobalIDString = D2AAC06F0554671400DB518D;
			remoteInfo = tinyxml;
		};
		FFF615051556DDBB00E7B112 /* PBXContainerItemProxy */ = {
			isa = PBXContainerItemProxy;
			containerPortal = FFF614FE1556DDBB00E7B112 /* newton.xcodeproj */;
			proxyType = 2;
			remoteGlobalIDString = D2AAC06F0554671400DB518D;
			remoteInfo = newton;
		};
/* End PBXContainerItemProxy section */

/* Begin PBXCopyFilesBuildPhase section */
		8DD76F690486A84900D96B5E /* CopyFiles */ = {
			isa = PBXCopyFilesBuildPhase;
			buildActionMask = 8;
			dstPath = /usr/share/man/man1/;
			dstSubfolderSpec = 0;
			files = (
			);
			runOnlyForDeploymentPostprocessing = 1;
		};
/* End PBXCopyFilesBuildPhase section */

/* Begin PBXFileReference section */
		09AD1AB3131433160054D1B6 /* CoreFoundation.framework */ = {isa = PBXFileReference; lastKnownFileType = wrapper.framework; name = CoreFoundation.framework; path = System/Library/Frameworks/CoreFoundation.framework; sourceTree = SDKROOT; };
		FF0AAD221313F961005D32D5 /* libnewton_d.a */ = {isa = PBXFileReference; lastKnownFileType = archive.ar; name = libnewton_d.a; path = ../../../../../coreLibrary_200/projects/mac/OS10_xcode3.2.5/build/Debug/libnewton_d.a; sourceTree = SOURCE_ROOT; };
		FF0AAE05131400DF005D32D5 /* libdContainers.a */ = {isa = PBXFileReference; lastKnownFileType = archive.ar; name = libdContainers.a; path = ../../../../../packages/projects/mac/dContainers/build/Release/libdContainers.a; sourceTree = SOURCE_ROOT; };
		FF0AAE0813140111005D32D5 /* libdMath.a */ = {isa = PBXFileReference; lastKnownFileType = archive.ar; name = libdMath.a; path = ../../../../../packages/projects/mac/dMath/build/Release/libdMath.a; sourceTree = SOURCE_ROOT; };
		FF0AAE0A1314012B005D32D5 /* libdScene.a */ = {isa = PBXFileReference; lastKnownFileType = archive.ar; name = libdScene.a; path = ../../../../../packages/projects/mac/dScene/build/Release/libdScene.a; sourceTree = SOURCE_ROOT; };
		FF0AAE0C1314014C005D32D5 /* libtinyxml.a */ = {isa = PBXFileReference; lastKnownFileType = archive.ar; name = libtinyxml.a; path = ../../../../../packages/projects/mac/tinyxml/build/Release/libtinyxml.a; sourceTree = SOURCE_ROOT; };
		FF0AAE0E13140169005D32D5 /* libnewton.a */ = {isa = PBXFileReference; lastKnownFileType = archive.ar; name = libnewton.a; path = ../../../../../coreLibrary_200/projects/mac/OS10_xcode3.2.5/build/Release/libnewton.a; sourceTree = SOURCE_ROOT; };
		FF8C2CE91313DC3700646B90 /* dMath.xcodeproj */ = {isa = PBXFileReference; lastKnownFileType = "wrapper.pb-project"; name = dMath.xcodeproj; path = ../../../../../packages/projects/mac/dMath/dMath.xcodeproj; sourceTree = SOURCE_ROOT; };
		FF8C2CF41313DC6A00646B90 /* dContainers.xcodeproj */ = {isa = PBXFileReference; lastKnownFileType = "wrapper.pb-project"; name = dContainers.xcodeproj; path = ../../../../../packages/projects/mac/dContainers/dContainers.xcodeproj; sourceTree = SOURCE_ROOT; };
		FF8C2CFF1313DC7F00646B90 /* dScene.xcodeproj */ = {isa = PBXFileReference; lastKnownFileType = "wrapper.pb-project"; name = dScene.xcodeproj; path = ../../../../../packages/projects/mac/dScene/dScene.xcodeproj; sourceTree = SOURCE_ROOT; };
		FF8C2D0A1313DC9500646B90 /* tinyxml.xcodeproj */ = {isa = PBXFileReference; lastKnownFileType = "wrapper.pb-project"; name = tinyxml.xcodeproj; path = ../../../../../packages/projects/mac/tinyxml/tinyxml.xcodeproj; sourceTree = SOURCE_ROOT; };
		FF8C2D321313DD5000646B90 /* libdScene_d.a */ = {isa = PBXFileReference; lastKnownFileType = archive.ar; name = libdScene_d.a; path = ../../../../../packages/projects/mac/dScene/build/Debug/libdScene_d.a; sourceTree = SOURCE_ROOT; };
		FF8C2D351313DD7D00646B90 /* libdMath_d.a */ = {isa = PBXFileReference; lastKnownFileType = archive.ar; name = libdMath_d.a; path = ../../../../../packages/projects/mac/dMath/build/Debug/libdMath_d.a; sourceTree = SOURCE_ROOT; };
		FF8C2D371313DD9600646B90 /* libtinyxml_d.a */ = {isa = PBXFileReference; lastKnownFileType = archive.ar; name = libtinyxml_d.a; path = ../../../../../packages/projects/mac/tinyxml/build/Debug/libtinyxml_d.a; sourceTree = SOURCE_ROOT; };
		FF8C2D3C1313DDEE00646B90 /* libdContainers_d.a */ = {isa = PBXFileReference; lastKnownFileType = archive.ar; name = libdContainers_d.a; path = ../../../../../packages/projects/mac/dContainers/build/Debug/libdContainers_d.a; sourceTree = SOURCE_ROOT; };
		FF8F28B1131367150019E923 /* OpenGL.framework */ = {isa = PBXFileReference; lastKnownFileType = wrapper.framework; name = OpenGL.framework; path = /System/Library/Frameworks/OpenGL.framework; sourceTree = "<absolute>"; };
		FFF18508131314CD0077CF7A /* newtonDemo */ = {isa = PBXFileReference; explicitFileType = "compiled.mach-o.executable"; includeInIndex = 0; path = newtonDemo; sourceTree = BUILT_PRODUCTS_DIR; };
		FFF60F2D1556D9F100E7B112 /* DemoAIAgent.cpp */ = {isa = PBXFileReference; fileEncoding = 4; lastKnownFileType = sourcecode.cpp.cpp; name = DemoAIAgent.cpp; path = ../../../sdkDemos/DemoAIAgent.cpp; sourceTree = SOURCE_ROOT; };
		FFF60F2E1556D9F100E7B112 /* DemoAIAgent.h */ = {isa = PBXFileReference; fileEncoding = 4; lastKnownFileType = sourcecode.c.h; name = DemoAIAgent.h; path = ../../../sdkDemos/DemoAIAgent.h; sourceTree = SOURCE_ROOT; };
		FFF60F2F1556D9F100E7B112 /* DemoAIListener.cpp */ = {isa = PBXFileReference; fileEncoding = 4; lastKnownFileType = sourcecode.cpp.cpp; name = DemoAIListener.cpp; path = ../../../sdkDemos/DemoAIListener.cpp; sourceTree = SOURCE_ROOT; };
		FFF60F301556D9F100E7B112 /* DemoAIListener.h */ = {isa = PBXFileReference; fileEncoding = 4; lastKnownFileType = sourcecode.c.h; name = DemoAIListener.h; path = ../../../sdkDemos/DemoAIListener.h; sourceTree = SOURCE_ROOT; };
		FFF60F311556D9F100E7B112 /* DemoCamera.cpp */ = {isa = PBXFileReference; fileEncoding = 4; lastKnownFileType = sourcecode.cpp.cpp; name = DemoCamera.cpp; path = ../../../sdkDemos/DemoCamera.cpp; sourceTree = SOURCE_ROOT; };
		FFF60F321556D9F100E7B112 /* DemoCamera.h */ = {isa = PBXFileReference; fileEncoding = 4; lastKnownFileType = sourcecode.c.h; name = DemoCamera.h; path = ../../../sdkDemos/DemoCamera.h; sourceTree = SOURCE_ROOT; };
		FFF60F331556D9F100E7B112 /* DemoEntity.cpp */ = {isa = PBXFileReference; fileEncoding = 4; lastKnownFileType = sourcecode.cpp.cpp; name = DemoEntity.cpp; path = ../../../sdkDemos/DemoEntity.cpp; sourceTree = SOURCE_ROOT; };
		FFF60F341556D9F100E7B112 /* DemoEntity.h */ = {isa = PBXFileReference; fileEncoding = 4; lastKnownFileType = sourcecode.c.h; name = DemoEntity.h; path = ../../../sdkDemos/DemoEntity.h; sourceTree = SOURCE_ROOT; };
		FFF60F351556D9F100E7B112 /* DemoEntityListener.cpp */ = {isa = PBXFileReference; fileEncoding = 4; lastKnownFileType = sourcecode.cpp.cpp; name = DemoEntityListener.cpp; path = ../../../sdkDemos/DemoEntityListener.cpp; sourceTree = SOURCE_ROOT; };
		FFF60F361556D9F100E7B112 /* DemoEntityListener.h */ = {isa = PBXFileReference; fileEncoding = 4; lastKnownFileType = sourcecode.c.h; name = DemoEntityListener.h; path = ../../../sdkDemos/DemoEntityListener.h; sourceTree = SOURCE_ROOT; };
		FFF60F371556D9F100E7B112 /* DemoEntityManager.cpp */ = {isa = PBXFileReference; fileEncoding = 4; lastKnownFileType = sourcecode.cpp.cpp; name = DemoEntityManager.cpp; path = ../../../sdkDemos/DemoEntityManager.cpp; sourceTree = SOURCE_ROOT; };
		FFF60F381556D9F100E7B112 /* DemoEntityManager.h */ = {isa = PBXFileReference; fileEncoding = 4; lastKnownFileType = sourcecode.c.h; name = DemoEntityManager.h; path = ../../../sdkDemos/DemoEntityManager.h; sourceTree = SOURCE_ROOT; };
		FFF60F391556D9F100E7B112 /* DemoListenerManager.cpp */ = {isa = PBXFileReference; fileEncoding = 4; lastKnownFileType = sourcecode.cpp.cpp; name = DemoListenerManager.cpp; path = ../../../sdkDemos/DemoListenerManager.cpp; sourceTree = SOURCE_ROOT; };
		FFF60F3A1556D9F100E7B112 /* DemoListenerManager.h */ = {isa = PBXFileReference; fileEncoding = 4; lastKnownFileType = sourcecode.c.h; name = DemoListenerManager.h; path = ../../../sdkDemos/DemoListenerManager.h; sourceTree = SOURCE_ROOT; };
		FFF60F3B1556D9F100E7B112 /* DemoMenu.cpp */ = {isa = PBXFileReference; fileEncoding = 4; lastKnownFileType = sourcecode.cpp.cpp; name = DemoMenu.cpp; path = ../../../sdkDemos/DemoMenu.cpp; sourceTree = SOURCE_ROOT; };
		FFF60F3C1556D9F100E7B112 /* DemoMenu.h */ = {isa = PBXFileReference; fileEncoding = 4; lastKnownFileType = sourcecode.c.h; name = DemoMenu.h; path = ../../../sdkDemos/DemoMenu.h; sourceTree = SOURCE_ROOT; };
		FFF60F3D1556D9F100E7B112 /* DemoMesh.cpp */ = {isa = PBXFileReference; fileEncoding = 4; lastKnownFileType = sourcecode.cpp.cpp; name = DemoMesh.cpp; path = ../../../sdkDemos/DemoMesh.cpp; sourceTree = SOURCE_ROOT; };
		FFF60F3E1556D9F100E7B112 /* DemoMesh.h */ = {isa = PBXFileReference; fileEncoding = 4; lastKnownFileType = sourcecode.c.h; name = DemoMesh.h; path = ../../../sdkDemos/DemoMesh.h; sourceTree = SOURCE_ROOT; };
		FFF60F3F1556D9F100E7B112 /* DemoSoundListener.cpp */ = {isa = PBXFileReference; fileEncoding = 4; lastKnownFileType = sourcecode.cpp.cpp; name = DemoSoundListener.cpp; path = ../../../sdkDemos/DemoSoundListener.cpp; sourceTree = SOURCE_ROOT; };
		FFF60F401556D9F100E7B112 /* DemoSoundListener.h */ = {isa = PBXFileReference; fileEncoding = 4; lastKnownFileType = sourcecode.c.h; name = DemoSoundListener.h; path = ../../../sdkDemos/DemoSoundListener.h; sourceTree = SOURCE_ROOT; };
		FFF60F411556D9F100E7B112 /* DemoVisualDebugerListener.cpp */ = {isa = PBXFileReference; fileEncoding = 4; lastKnownFileType = sourcecode.cpp.cpp; name = DemoVisualDebugerListener.cpp; path = ../../../sdkDemos/DemoVisualDebugerListener.cpp; sourceTree = SOURCE_ROOT; };
		FFF60F421556D9F100E7B112 /* DemoVisualDebugerListener.h */ = {isa = PBXFileReference; fileEncoding = 4; lastKnownFileType = sourcecode.c.h; name = DemoVisualDebugerListener.h; path = ../../../sdkDemos/DemoVisualDebugerListener.h; sourceTree = SOURCE_ROOT; };
		FFF60F431556D9F100E7B112 /* newtonDemos.aps */ = {isa = PBXFileReference; lastKnownFileType = file; name = newtonDemos.aps; path = ../../../sdkDemos/newtonDemos.aps; sourceTree = SOURCE_ROOT; };
		FFF60F441556D9F100E7B112 /* NewtonDemos.cpp */ = {isa = PBXFileReference; fileEncoding = 4; lastKnownFileType = sourcecode.cpp.cpp; name = NewtonDemos.cpp; path = ../../../sdkDemos/NewtonDemos.cpp; sourceTree = SOURCE_ROOT; };
		FFF60F451556D9F100E7B112 /* NewtonDemos.h */ = {isa = PBXFileReference; fileEncoding = 4; lastKnownFileType = sourcecode.c.h; name = NewtonDemos.h; path = ../../../sdkDemos/NewtonDemos.h; sourceTree = SOURCE_ROOT; };
		FFF60F521556DA2300E7B112 /* ArchimedesBuoyancy.cpp */ = {isa = PBXFileReference; fileEncoding = 4; lastKnownFileType = sourcecode.cpp.cpp; name = ArchimedesBuoyancy.cpp; path = ../../../sdkDemos/demos/ArchimedesBuoyancy.cpp; sourceTree = SOURCE_ROOT; };
		FFF60F531556DA2300E7B112 /* BasicCar.cpp */ = {isa = PBXFileReference; fileEncoding = 4; lastKnownFileType = sourcecode.cpp.cpp; name = BasicCar.cpp; path = ../../../sdkDemos/demos/BasicCar.cpp; sourceTree = SOURCE_ROOT; };
		FFF60F551556DA2300E7B112 /* BasicFriction.cpp */ = {isa = PBXFileReference; fileEncoding = 4; lastKnownFileType = sourcecode.cpp.cpp; name = BasicFriction.cpp; path = ../../../sdkDemos/demos/BasicFriction.cpp; sourceTree = SOURCE_ROOT; };
		FFF60F571556DA2300E7B112 /* BasicRestitution.cpp */ = {isa = PBXFileReference; fileEncoding = 4; lastKnownFileType = sourcecode.cpp.cpp; name = BasicRestitution.cpp; path = ../../../sdkDemos/demos/BasicRestitution.cpp; sourceTree = SOURCE_ROOT; };
		FFF60F5A1556DA2300E7B112 /* BasicStacking.cpp */ = {isa = PBXFileReference; fileEncoding = 4; lastKnownFileType = sourcecode.cpp.cpp; name = BasicStacking.cpp; path = ../../../sdkDemos/demos/BasicStacking.cpp; sourceTree = SOURCE_ROOT; };
		FFF60F5C1556DA2300E7B112 /* CharacterController.cpp */ = {isa = PBXFileReference; fileEncoding = 4; lastKnownFileType = sourcecode.cpp.cpp; name = CharacterController.cpp; path = ../../../sdkDemos/demos/CharacterController.cpp; sourceTree = SOURCE_ROOT; };
		FFF60F5D1556DA2300E7B112 /* ClosestDistance.cpp */ = {isa = PBXFileReference; fileEncoding = 4; lastKnownFileType = sourcecode.cpp.cpp; name = ClosestDistance.cpp; path = ../../../sdkDemos/demos/ClosestDistance.cpp; sourceTree = SOURCE_ROOT; };
		FFF60F5E1556DA2300E7B112 /* CompoundCollision.cpp */ = {isa = PBXFileReference; fileEncoding = 4; lastKnownFileType = sourcecode.cpp.cpp; name = CompoundCollision.cpp; path = ../../../sdkDemos/demos/CompoundCollision.cpp; sourceTree = SOURCE_ROOT; };
		FFF60F5F1556DA2300E7B112 /* ContinueCollision.cpp */ = {isa = PBXFileReference; fileEncoding = 4; lastKnownFileType = sourcecode.cpp.cpp; name = ContinueCollision.cpp; path = ../../../sdkDemos/demos/ContinueCollision.cpp; sourceTree = SOURCE_ROOT; };
		FFF60F601556DA2300E7B112 /* ConvexApproximation.cpp */ = {isa = PBXFileReference; fileEncoding = 4; lastKnownFileType = sourcecode.cpp.cpp; name = ConvexApproximation.cpp; path = ../../../sdkDemos/demos/ConvexApproximation.cpp; sourceTree = SOURCE_ROOT; };
		FFF60F611556DA2300E7B112 /* ConvexCast.cpp */ = {isa = PBXFileReference; fileEncoding = 4; lastKnownFileType = sourcecode.cpp.cpp; name = ConvexCast.cpp; path = ../../../sdkDemos/demos/ConvexCast.cpp; sourceTree = SOURCE_ROOT; };
		FFF60F621556DA2300E7B112 /* HeavyVehicles.cpp */ = {isa = PBXFileReference; fileEncoding = 4; lastKnownFileType = sourcecode.cpp.cpp; name = HeavyVehicles.cpp; path = ../../../sdkDemos/demos/HeavyVehicles.cpp; sourceTree = SOURCE_ROOT; };
		FFF60F631556DA2300E7B112 /* HeighFieldCollision.cpp */ = {isa = PBXFileReference; fileEncoding = 4; lastKnownFileType = sourcecode.cpp.cpp; name = HeighFieldCollision.cpp; path = ../../../sdkDemos/demos/HeighFieldCollision.cpp; sourceTree = SOURCE_ROOT; };
		FFF60F661556DA2300E7B112 /* MeshCollision.cpp */ = {isa = PBXFileReference; fileEncoding = 4; lastKnownFileType = sourcecode.cpp.cpp; name = MeshCollision.cpp; path = ../../../sdkDemos/demos/MeshCollision.cpp; sourceTree = SOURCE_ROOT; };
		FFF60F681556DA2300E7B112 /* MultiRayCasting.cpp */ = {isa = PBXFileReference; fileEncoding = 4; lastKnownFileType = sourcecode.cpp.cpp; name = MultiRayCasting.cpp; path = ../../../sdkDemos/demos/MultiRayCasting.cpp; sourceTree = SOURCE_ROOT; };
		FFF60F691556DA2300E7B112 /* PrecessingTops.cpp */ = {isa = PBXFileReference; fileEncoding = 4; lastKnownFileType = sourcecode.cpp.cpp; name = PrecessingTops.cpp; path = ../../../sdkDemos/demos/PrecessingTops.cpp; sourceTree = SOURCE_ROOT; };
		FFF60F6B1556DA2300E7B112 /* PrimitiveCollision.cpp */ = {isa = PBXFileReference; fileEncoding = 4; lastKnownFileType = sourcecode.cpp.cpp; name = PrimitiveCollision.cpp; path = ../../../sdkDemos/demos/PrimitiveCollision.cpp; sourceTree = SOURCE_ROOT; };
		FFF60F6E1556DA2300E7B112 /* ScaledCollision.cpp */ = {isa = PBXFileReference; fileEncoding = 4; lastKnownFileType = sourcecode.cpp.cpp; name = ScaledCollision.cpp; path = ../../../sdkDemos/demos/ScaledCollision.cpp; sourceTree = SOURCE_ROOT; };
		FFF60F6F1556DA2300E7B112 /* SceneCollision.cpp */ = {isa = PBXFileReference; fileEncoding = 4; lastKnownFileType = sourcecode.cpp.cpp; name = SceneCollision.cpp; path = ../../../sdkDemos/demos/SceneCollision.cpp; sourceTree = SOURCE_ROOT; };
		FFF60F701556DA2300E7B112 /* SimpleConvexShatter.cpp */ = {isa = PBXFileReference; fileEncoding = 4; lastKnownFileType = sourcecode.cpp.cpp; name = SimpleConvexShatter.cpp; path = ../../../sdkDemos/demos/SimpleConvexShatter.cpp; sourceTree = SOURCE_ROOT; };
		FFF60F711556DA2300E7B112 /* SoftBodies.cpp */ = {isa = PBXFileReference; fileEncoding = 4; lastKnownFileType = sourcecode.cpp.cpp; name = SoftBodies.cpp; path = ../../../sdkDemos/demos/SoftBodies.cpp; sourceTree = SOURCE_ROOT; };
		FFF60F731556DA2300E7B112 /* SuperCar.cpp */ = {isa = PBXFileReference; fileEncoding = 4; lastKnownFileType = sourcecode.cpp.cpp; name = SuperCar.cpp; path = ../../../sdkDemos/demos/SuperCar.cpp; sourceTree = SOURCE_ROOT; };
		FFF60F771556DA2300E7B112 /* UsingNewtonMeshTool.cpp */ = {isa = PBXFileReference; fileEncoding = 4; lastKnownFileType = sourcecode.cpp.cpp; name = UsingNewtonMeshTool.cpp; path = ../../../sdkDemos/demos/UsingNewtonMeshTool.cpp; sourceTree = SOURCE_ROOT; };
		FFF60FA01556DBB400E7B112 /* DebugDisplay.cpp */ = {isa = PBXFileReference; fileEncoding = 4; lastKnownFileType = sourcecode.cpp.cpp; name = DebugDisplay.cpp; path = ../../../sdkDemos/toolBox/DebugDisplay.cpp; sourceTree = SOURCE_ROOT; };
		FFF60FA11556DBB400E7B112 /* DebugDisplay.h */ = {isa = PBXFileReference; fileEncoding = 4; lastKnownFileType = sourcecode.c.h; name = DebugDisplay.h; path = ../../../sdkDemos/toolBox/DebugDisplay.h; sourceTree = SOURCE_ROOT; };
		FFF60FA21556DBB400E7B112 /* dHighResolutionTimer.cpp */ = {isa = PBXFileReference; fileEncoding = 4; lastKnownFileType = sourcecode.cpp.cpp; name = dHighResolutionTimer.cpp; path = ../../../sdkDemos/toolBox/dHighResolutionTimer.cpp; sourceTree = SOURCE_ROOT; };
		FFF60FA31556DBB400E7B112 /* dHighResolutionTimer.h */ = {isa = PBXFileReference; fileEncoding = 4; lastKnownFileType = sourcecode.c.h; name = dHighResolutionTimer.h; path = ../../../sdkDemos/toolBox/dHighResolutionTimer.h; sourceTree = SOURCE_ROOT; };
		FFF60FA41556DBB400E7B112 /* dRuntimeProfiler.cpp */ = {isa = PBXFileReference; fileEncoding = 4; lastKnownFileType = sourcecode.cpp.cpp; name = dRuntimeProfiler.cpp; path = ../../../sdkDemos/toolBox/dRuntimeProfiler.cpp; sourceTree = SOURCE_ROOT; };
		FFF60FA51556DBB400E7B112 /* dRuntimeProfiler.h */ = {isa = PBXFileReference; fileEncoding = 4; lastKnownFileType = sourcecode.c.h; name = dRuntimeProfiler.h; path = ../../../sdkDemos/toolBox/dRuntimeProfiler.h; sourceTree = SOURCE_ROOT; };
		FFF60FA61556DBB400E7B112 /* dSoundManager.cpp */ = {isa = PBXFileReference; fileEncoding = 4; lastKnownFileType = sourcecode.cpp.cpp; name = dSoundManager.cpp; path = ../../../sdkDemos/toolBox/dSoundManager.cpp; sourceTree = SOURCE_ROOT; };
		FFF60FA71556DBB400E7B112 /* dSoundManager.h */ = {isa = PBXFileReference; fileEncoding = 4; lastKnownFileType = sourcecode.c.h; name = dSoundManager.h; path = ../../../sdkDemos/toolBox/dSoundManager.h; sourceTree = SOURCE_ROOT; };
		FFF60FA81556DBB400E7B112 /* HeightFieldPrimitive.cpp */ = {isa = PBXFileReference; fileEncoding = 4; lastKnownFileType = sourcecode.cpp.cpp; name = HeightFieldPrimitive.cpp; path = ../../../sdkDemos/toolBox/HeightFieldPrimitive.cpp; sourceTree = SOURCE_ROOT; };
		FFF60FA91556DBB400E7B112 /* HeightFieldPrimitive.h */ = {isa = PBXFileReference; fileEncoding = 4; lastKnownFileType = sourcecode.c.h; name = HeightFieldPrimitive.h; path = ../../../sdkDemos/toolBox/HeightFieldPrimitive.h; sourceTree = SOURCE_ROOT; };
		FFF60FAC1556DBB400E7B112 /* MousePick.cpp */ = {isa = PBXFileReference; fileEncoding = 4; lastKnownFileType = sourcecode.cpp.cpp; name = MousePick.cpp; path = ../../../sdkDemos/toolBox/MousePick.cpp; sourceTree = SOURCE_ROOT; };
		FFF60FAD1556DBB400E7B112 /* MousePick.h */ = {isa = PBXFileReference; fileEncoding = 4; lastKnownFileType = sourcecode.c.h; name = MousePick.h; path = ../../../sdkDemos/toolBox/MousePick.h; sourceTree = SOURCE_ROOT; };
		FFF60FAE1556DBB400E7B112 /* OpenGlUtil.cpp */ = {isa = PBXFileReference; fileEncoding = 4; lastKnownFileType = sourcecode.cpp.cpp; name = OpenGlUtil.cpp; path = ../../../sdkDemos/toolBox/OpenGlUtil.cpp; sourceTree = SOURCE_ROOT; };
		FFF60FAF1556DBB400E7B112 /* OpenGlUtil.h */ = {isa = PBXFileReference; fileEncoding = 4; lastKnownFileType = sourcecode.c.h; name = OpenGlUtil.h; path = ../../../sdkDemos/toolBox/OpenGlUtil.h; sourceTree = SOURCE_ROOT; };
		FFF60FB01556DBB400E7B112 /* PhysicsUtils.cpp */ = {isa = PBXFileReference; fileEncoding = 4; lastKnownFileType = sourcecode.cpp.cpp; name = PhysicsUtils.cpp; path = ../../../sdkDemos/toolBox/PhysicsUtils.cpp; sourceTree = SOURCE_ROOT; };
		FFF60FB11556DBB400E7B112 /* PhysicsUtils.h */ = {isa = PBXFileReference; fileEncoding = 4; lastKnownFileType = sourcecode.c.h; name = PhysicsUtils.h; path = ../../../sdkDemos/toolBox/PhysicsUtils.h; sourceTree = SOURCE_ROOT; };
		FFF60FB61556DBB400E7B112 /* SkyBox.cpp */ = {isa = PBXFileReference; fileEncoding = 4; lastKnownFileType = sourcecode.cpp.cpp; name = SkyBox.cpp; path = ../../../sdkDemos/toolBox/SkyBox.cpp; sourceTree = SOURCE_ROOT; };
		FFF60FB71556DBB400E7B112 /* SkyBox.h */ = {isa = PBXFileReference; fileEncoding = 4; lastKnownFileType = sourcecode.c.h; name = SkyBox.h; path = ../../../sdkDemos/toolBox/SkyBox.h; sourceTree = SOURCE_ROOT; };
		FFF60FB81556DBB400E7B112 /* TargaToOpenGl.cpp */ = {isa = PBXFileReference; fileEncoding = 4; lastKnownFileType = sourcecode.cpp.cpp; name = TargaToOpenGl.cpp; path = ../../../sdkDemos/toolBox/TargaToOpenGl.cpp; sourceTree = SOURCE_ROOT; };
		FFF60FB91556DBB400E7B112 /* TargaToOpenGl.h */ = {isa = PBXFileReference; fileEncoding = 4; lastKnownFileType = sourcecode.c.h; name = TargaToOpenGl.h; path = ../../../sdkDemos/toolBox/TargaToOpenGl.h; sourceTree = SOURCE_ROOT; };
		FFF60FBA1556DBB400E7B112 /* toolbox_stdafx.cpp */ = {isa = PBXFileReference; fileEncoding = 4; lastKnownFileType = sourcecode.cpp.cpp; name = toolbox_stdafx.cpp; path = ../../../sdkDemos/toolBox/toolbox_stdafx.cpp; sourceTree = SOURCE_ROOT; };
		FFF60FBB1556DBB400E7B112 /* toolbox_stdafx.h */ = {isa = PBXFileReference; fileEncoding = 4; lastKnownFileType = sourcecode.c.h; name = toolbox_stdafx.h; path = ../../../sdkDemos/toolBox/toolbox_stdafx.h; sourceTree = SOURCE_ROOT; };
		FFF614FE1556DDBB00E7B112 /* newton.xcodeproj */ = {isa = PBXFileReference; lastKnownFileType = "wrapper.pb-project"; name = newton.xcodeproj; path = "../../../../../coreLibrary_300/projects/mac/os10.6-xcode-3.2.5/newton.xcodeproj"; sourceTree = SOURCE_ROOT; };
/* End PBXFileReference section */

/* Begin PBXFrameworksBuildPhase section */
		8DD76F660486A84900D96B5E /* Frameworks */ = {
			isa = PBXFrameworksBuildPhase;
			buildActionMask = 2147483647;
			files = (
				0974657D13142A2200DBA2C6 /* libtinyxml_d.a in Frameworks */,
				0974657E13142A2200DBA2C6 /* libdScene_d.a in Frameworks */,
				0974657F13142A2200DBA2C6 /* libdContainers_d.a in Frameworks */,
				0974658013142A2200DBA2C6 /* libdMath_d.a in Frameworks */,
				FF8F28B2131367150019E923 /* OpenGL.framework in Frameworks */,
				09AD1AB4131433160054D1B6 /* CoreFoundation.framework in Frameworks */,
			);
			runOnlyForDeploymentPostprocessing = 0;
		};
/* End PBXFrameworksBuildPhase section */

/* Begin PBXGroup section */
		08FB7794FE84155DC02AAC07 /* newtonDemo */ = {
			isa = PBXGroup;
			children = (
				FFF184A113130A6F0077CF7A /* source */,
				FF8C2D311313DD1100646B90 /* libraries */,
				FF8C27F71313DB5500646B90 /* frameworks */,
				FF8C27F31313DB2700646B90 /* dependencies */,
				C6859E8C029090F304C91782 /* Documentation */,
				1AB674ADFE9D54B511CA2CBB /* Products */,
			);
			name = newtonDemo;
			sourceTree = "<group>";
		};
		1AB674ADFE9D54B511CA2CBB /* Products */ = {
			isa = PBXGroup;
			children = (
				FFF18508131314CD0077CF7A /* newtonDemo */,
			);
			name = Products;
			sourceTree = "<group>";
		};
		C6859E8C029090F304C91782 /* Documentation */ = {
			isa = PBXGroup;
			children = (
			);
			name = Documentation;
			sourceTree = "<group>";
		};
		FF8C27F31313DB2700646B90 /* dependencies */ = {
			isa = PBXGroup;
			children = (
				FFF614FE1556DDBB00E7B112 /* newton.xcodeproj */,
				FF8C2D0A1313DC9500646B90 /* tinyxml.xcodeproj */,
				FF8C2CFF1313DC7F00646B90 /* dScene.xcodeproj */,
				FF8C2CF41313DC6A00646B90 /* dContainers.xcodeproj */,
				FF8C2CE91313DC3700646B90 /* dMath.xcodeproj */,
			);
			name = dependencies;
			sourceTree = "<group>";
		};
		FF8C27F71313DB5500646B90 /* frameworks */ = {
			isa = PBXGroup;
			children = (
				09AD1AB3131433160054D1B6 /* CoreFoundation.framework */,
				FF8F28B1131367150019E923 /* OpenGL.framework */,
			);
			name = frameworks;
			sourceTree = "<group>";
		};
		FF8C2CEA1313DC3700646B90 /* Products */ = {
			isa = PBXGroup;
			children = (
				FF8C2CF11313DC3700646B90 /* libdMath_d.a */,
			);
			name = Products;
			sourceTree = "<group>";
		};
		FF8C2CF51313DC6A00646B90 /* Products */ = {
			isa = PBXGroup;
			children = (
				FF8C2CFC1313DC6A00646B90 /* libdContainers_d.a */,
			);
			name = Products;
			sourceTree = "<group>";
		};
		FF8C2D001313DC7F00646B90 /* Products */ = {
			isa = PBXGroup;
			children = (
				FF8C2D071313DC7F00646B90 /* libdScene_d.a */,
			);
			name = Products;
			sourceTree = "<group>";
		};
		FF8C2D0B1313DC9500646B90 /* Products */ = {
			isa = PBXGroup;
			children = (
				FF8C2D121313DC9500646B90 /* libtinyxml_d.a */,
			);
			name = Products;
			sourceTree = "<group>";
		};
		FF8C2D311313DD1100646B90 /* libraries */ = {
			isa = PBXGroup;
			children = (
				FF0AAE0E13140169005D32D5 /* libnewton.a */,
				FF0AAE0C1314014C005D32D5 /* libtinyxml.a */,
				FF0AAE0A1314012B005D32D5 /* libdScene.a */,
				FF0AAE0813140111005D32D5 /* libdMath.a */,
				FF0AAE05131400DF005D32D5 /* libdContainers.a */,
				FF0AAD221313F961005D32D5 /* libnewton_d.a */,
				FF8C2D3C1313DDEE00646B90 /* libdContainers_d.a */,
				FF8C2D371313DD9600646B90 /* libtinyxml_d.a */,
				FF8C2D351313DD7D00646B90 /* libdMath_d.a */,
				FF8C2D321313DD5000646B90 /* libdScene_d.a */,
			);
			name = libraries;
			sourceTree = "<group>";
		};
		FF8F28D4131368B90019E923 /* demos */ = {
			isa = PBXGroup;
			children = (
				FFF60F521556DA2300E7B112 /* ArchimedesBuoyancy.cpp */,
				FFF60F531556DA2300E7B112 /* BasicCar.cpp */,
				FFF60F551556DA2300E7B112 /* BasicFriction.cpp */,
				FFF60F571556DA2300E7B112 /* BasicRestitution.cpp */,
				FFF60F5A1556DA2300E7B112 /* BasicStacking.cpp */,
				FFF60F5C1556DA2300E7B112 /* CharacterController.cpp */,
				FFF60F5D1556DA2300E7B112 /* ClosestDistance.cpp */,
				FFF60F5E1556DA2300E7B112 /* CompoundCollision.cpp */,
				FFF60F5F1556DA2300E7B112 /* ContinueCollision.cpp */,
				FFF60F601556DA2300E7B112 /* ConvexApproximation.cpp */,
				FFF60F611556DA2300E7B112 /* ConvexCast.cpp */,
				FFF60F621556DA2300E7B112 /* HeavyVehicles.cpp */,
				FFF60F631556DA2300E7B112 /* HeighFieldCollision.cpp */,
				FFF60F661556DA2300E7B112 /* MeshCollision.cpp */,
				FFF60F681556DA2300E7B112 /* MultiRayCasting.cpp */,
				FFF60F691556DA2300E7B112 /* PrecessingTops.cpp */,
				FFF60F6B1556DA2300E7B112 /* PrimitiveCollision.cpp */,
				FFF60F6E1556DA2300E7B112 /* ScaledCollision.cpp */,
				FFF60F6F1556DA2300E7B112 /* SceneCollision.cpp */,
				FFF60F701556DA2300E7B112 /* SimpleConvexShatter.cpp */,
				FFF60F711556DA2300E7B112 /* SoftBodies.cpp */,
				FFF60F731556DA2300E7B112 /* SuperCar.cpp */,
				FFF60F771556DA2300E7B112 /* UsingNewtonMeshTool.cpp */,
			);
			name = demos;
			sourceTree = "<group>";
		};
		FF9931B51316828C00D1C65B /* main */ = {
			isa = PBXGroup;
			children = (
				FFF60F2D1556D9F100E7B112 /* DemoAIAgent.cpp */,
				FFF60F2E1556D9F100E7B112 /* DemoAIAgent.h */,
				FFF60F2F1556D9F100E7B112 /* DemoAIListener.cpp */,
				FFF60F301556D9F100E7B112 /* DemoAIListener.h */,
				FFF60F311556D9F100E7B112 /* DemoCamera.cpp */,
				FFF60F321556D9F100E7B112 /* DemoCamera.h */,
				FFF60F331556D9F100E7B112 /* DemoEntity.cpp */,
				FFF60F341556D9F100E7B112 /* DemoEntity.h */,
				FFF60F351556D9F100E7B112 /* DemoEntityListener.cpp */,
				FFF60F361556D9F100E7B112 /* DemoEntityListener.h */,
				FFF60F371556D9F100E7B112 /* DemoEntityManager.cpp */,
				FFF60F381556D9F100E7B112 /* DemoEntityManager.h */,
				FFF60F391556D9F100E7B112 /* DemoListenerManager.cpp */,
				FFF60F3A1556D9F100E7B112 /* DemoListenerManager.h */,
				FFF60F3B1556D9F100E7B112 /* DemoMenu.cpp */,
				FFF60F3C1556D9F100E7B112 /* DemoMenu.h */,
				FFF60F3D1556D9F100E7B112 /* DemoMesh.cpp */,
				FFF60F3E1556D9F100E7B112 /* DemoMesh.h */,
				FFF60F3F1556D9F100E7B112 /* DemoSoundListener.cpp */,
				FFF60F401556D9F100E7B112 /* DemoSoundListener.h */,
				FFF60F411556D9F100E7B112 /* DemoVisualDebugerListener.cpp */,
				FFF60F421556D9F100E7B112 /* DemoVisualDebugerListener.h */,
				FFF60F431556D9F100E7B112 /* newtonDemos.aps */,
				FFF60F441556D9F100E7B112 /* NewtonDemos.cpp */,
				FFF60F451556D9F100E7B112 /* NewtonDemos.h */,
			);
			name = main;
			sourceTree = "<group>";
		};
		FFF184A113130A6F0077CF7A /* source */ = {
			isa = PBXGroup;
			children = (
				FF9931B51316828C00D1C65B /* main */,
				FF8F28D4131368B90019E923 /* demos */,
				FFF184B61313103C0077CF7A /* toolBox */,
			);
			name = source;
			sourceTree = "<group>";
		};
		FFF184B61313103C0077CF7A /* toolBox */ = {
			isa = PBXGroup;
			children = (
				FFF60FA01556DBB400E7B112 /* DebugDisplay.cpp */,
				FFF60FA11556DBB400E7B112 /* DebugDisplay.h */,
				FFF60FA21556DBB400E7B112 /* dHighResolutionTimer.cpp */,
				FFF60FA31556DBB400E7B112 /* dHighResolutionTimer.h */,
				FFF60FA41556DBB400E7B112 /* dRuntimeProfiler.cpp */,
				FFF60FA51556DBB400E7B112 /* dRuntimeProfiler.h */,
				FFF60FA61556DBB400E7B112 /* dSoundManager.cpp */,
				FFF60FA71556DBB400E7B112 /* dSoundManager.h */,
				FFF60FA81556DBB400E7B112 /* HeightFieldPrimitive.cpp */,
				FFF60FA91556DBB400E7B112 /* HeightFieldPrimitive.h */,
				FFF60FAC1556DBB400E7B112 /* MousePick.cpp */,
				FFF60FAD1556DBB400E7B112 /* MousePick.h */,
				FFF60FAE1556DBB400E7B112 /* OpenGlUtil.cpp */,
				FFF60FAF1556DBB400E7B112 /* OpenGlUtil.h */,
				FFF60FB01556DBB400E7B112 /* PhysicsUtils.cpp */,
				FFF60FB11556DBB400E7B112 /* PhysicsUtils.h */,
				FFF60FB61556DBB400E7B112 /* SkyBox.cpp */,
				FFF60FB71556DBB400E7B112 /* SkyBox.h */,
				FFF60FB81556DBB400E7B112 /* TargaToOpenGl.cpp */,
				FFF60FB91556DBB400E7B112 /* TargaToOpenGl.h */,
				FFF60FBA1556DBB400E7B112 /* toolbox_stdafx.cpp */,
				FFF60FBB1556DBB400E7B112 /* toolbox_stdafx.h */,
			);
			name = toolBox;
			sourceTree = "<group>";
		};
		FFF614FF1556DDBB00E7B112 /* Products */ = {
			isa = PBXGroup;
			children = (
				FFF615061556DDBB00E7B112 /* libnewton.a */,
			);
			name = Products;
			sourceTree = "<group>";
		};
/* End PBXGroup section */

/* Begin PBXNativeTarget section */
		8DD76F620486A84900D96B5E /* demossSandbox */ = {
			isa = PBXNativeTarget;
			buildConfigurationList = 1DEB923108733DC60010E9CD /* Build configuration list for PBXNativeTarget "demossSandbox" */;
			buildPhases = (
				8DD76F640486A84900D96B5E /* Sources */,
				8DD76F660486A84900D96B5E /* Frameworks */,
				8DD76F690486A84900D96B5E /* CopyFiles */,
			);
			buildRules = (
			);
			dependencies = (
				0974657313142A0400DBA2C6 /* PBXTargetDependency */,
				0974657513142A0600DBA2C6 /* PBXTargetDependency */,
				0974657713142A0800DBA2C6 /* PBXTargetDependency */,
				0974657913142A0B00DBA2C6 /* PBXTargetDependency */,
			);
			name = demossSandbox;
			productInstallPath = "$(HOME)/bin";
			productName = newtonDemo;
			productReference = FFF18508131314CD0077CF7A /* newtonDemo */;
			productType = "com.apple.product-type.tool";
		};
/* End PBXNativeTarget section */

/* Begin PBXProject section */
		08FB7793FE84155DC02AAC07 /* Project object */ = {
			isa = PBXProject;
			buildConfigurationList = 1DEB923508733DC60010E9CD /* Build configuration list for PBXProject "demosSandbox" */;
			compatibilityVersion = "Xcode 3.1";
			hasScannedForEncodings = 1;
			knownRegions = (
				English,
				Japanese,
				French,
				German,
			);
			mainGroup = 08FB7794FE84155DC02AAC07 /* newtonDemo */;
			projectDirPath = "";
			projectReferences = (
				{
					ProductGroup = FF8C2CF51313DC6A00646B90 /* Products */;
					ProjectRef = FF8C2CF41313DC6A00646B90 /* dContainers.xcodeproj */;
				},
				{
					ProductGroup = FF8C2CEA1313DC3700646B90 /* Products */;
					ProjectRef = FF8C2CE91313DC3700646B90 /* dMath.xcodeproj */;
				},
				{
					ProductGroup = FF8C2D001313DC7F00646B90 /* Products */;
					ProjectRef = FF8C2CFF1313DC7F00646B90 /* dScene.xcodeproj */;
				},
				{
					ProductGroup = FFF614FF1556DDBB00E7B112 /* Products */;
					ProjectRef = FFF614FE1556DDBB00E7B112 /* newton.xcodeproj */;
				},
				{
					ProductGroup = FF8C2D0B1313DC9500646B90 /* Products */;
					ProjectRef = FF8C2D0A1313DC9500646B90 /* tinyxml.xcodeproj */;
				},
			);
			projectRoot = "";
			targets = (
				8DD76F620486A84900D96B5E /* demossSandbox */,
			);
		};
/* End PBXProject section */

/* Begin PBXReferenceProxy section */
		FF8C2CF11313DC3700646B90 /* libdMath_d.a */ = {
			isa = PBXReferenceProxy;
			fileType = archive.ar;
			path = libdMath_d.a;
			remoteRef = FF8C2CF01313DC3700646B90 /* PBXContainerItemProxy */;
			sourceTree = BUILT_PRODUCTS_DIR;
		};
		FF8C2CFC1313DC6A00646B90 /* libdContainers_d.a */ = {
			isa = PBXReferenceProxy;
			fileType = archive.ar;
			path = libdContainers_d.a;
			remoteRef = FF8C2CFB1313DC6A00646B90 /* PBXContainerItemProxy */;
			sourceTree = BUILT_PRODUCTS_DIR;
		};
		FF8C2D071313DC7F00646B90 /* libdScene_d.a */ = {
			isa = PBXReferenceProxy;
			fileType = archive.ar;
			path = libdScene_d.a;
			remoteRef = FF8C2D061313DC7F00646B90 /* PBXContainerItemProxy */;
			sourceTree = BUILT_PRODUCTS_DIR;
		};
		FF8C2D121313DC9500646B90 /* libtinyxml_d.a */ = {
			isa = PBXReferenceProxy;
			fileType = archive.ar;
			path = libtinyxml_d.a;
			remoteRef = FF8C2D111313DC9500646B90 /* PBXContainerItemProxy */;
			sourceTree = BUILT_PRODUCTS_DIR;
		};
		FFF615061556DDBB00E7B112 /* libnewton.a */ = {
			isa = PBXReferenceProxy;
			fileType = archive.ar;
			path = libnewton.a;
			remoteRef = FFF615051556DDBB00E7B112 /* PBXContainerItemProxy */;
			sourceTree = BUILT_PRODUCTS_DIR;
		};
/* End PBXReferenceProxy section */

/* Begin PBXSourcesBuildPhase section */
		8DD76F640486A84900D96B5E /* Sources */ = {
			isa = PBXSourcesBuildPhase;
			buildActionMask = 2147483647;
			files = (
				FFF60F461556D9F100E7B112 /* DemoAIAgent.cpp in Sources */,
				FFF60F471556D9F100E7B112 /* DemoAIListener.cpp in Sources */,
				FFF60F481556D9F100E7B112 /* DemoCamera.cpp in Sources */,
				FFF60F491556D9F100E7B112 /* DemoEntity.cpp in Sources */,
				FFF60F4A1556D9F100E7B112 /* DemoEntityListener.cpp in Sources */,
				FFF60F4B1556D9F100E7B112 /* DemoEntityManager.cpp in Sources */,
				FFF60F4C1556D9F100E7B112 /* DemoListenerManager.cpp in Sources */,
				FFF60F4D1556D9F100E7B112 /* DemoMenu.cpp in Sources */,
				FFF60F4E1556D9F100E7B112 /* DemoMesh.cpp in Sources */,
				FFF60F4F1556D9F100E7B112 /* DemoSoundListener.cpp in Sources */,
				FFF60F501556D9F100E7B112 /* DemoVisualDebugerListener.cpp in Sources */,
				FFF60F511556D9F100E7B112 /* NewtonDemos.cpp in Sources */,
				FFF60F791556DA2300E7B112 /* ArchimedesBuoyancy.cpp in Sources */,
				FFF60F7A1556DA2300E7B112 /* BasicCar.cpp in Sources */,
				FFF60F7C1556DA2300E7B112 /* BasicFriction.cpp in Sources */,
				FFF60F7E1556DA2300E7B112 /* BasicRestitution.cpp in Sources */,
				FFF60F811556DA2300E7B112 /* BasicStacking.cpp in Sources */,
				FFF60F831556DA2300E7B112 /* CharacterController.cpp in Sources */,
				FFF60F841556DA2300E7B112 /* ClosestDistance.cpp in Sources */,
				FFF60F851556DA2300E7B112 /* CompoundCollision.cpp in Sources */,
				FFF60F861556DA2300E7B112 /* ContinueCollision.cpp in Sources */,
				FFF60F871556DA2300E7B112 /* ConvexApproximation.cpp in Sources */,
				FFF60F881556DA2300E7B112 /* ConvexCast.cpp in Sources */,
				FFF60F891556DA2300E7B112 /* HeavyVehicles.cpp in Sources */,
				FFF60F8A1556DA2300E7B112 /* HeighFieldCollision.cpp in Sources */,
				FFF60F8D1556DA2300E7B112 /* MeshCollision.cpp in Sources */,
				FFF60F8F1556DA2300E7B112 /* MultiRayCasting.cpp in Sources */,
				FFF60F901556DA2300E7B112 /* PrecessingTops.cpp in Sources */,
				FFF60F921556DA2300E7B112 /* PrimitiveCollision.cpp in Sources */,
				FFF60F951556DA2300E7B112 /* ScaledCollision.cpp in Sources */,
				FFF60F961556DA2300E7B112 /* SceneCollision.cpp in Sources */,
				FFF60F971556DA2300E7B112 /* SimpleConvexShatter.cpp in Sources */,
				FFF60F981556DA2300E7B112 /* SoftBodies.cpp in Sources */,
				FFF60F9A1556DA2300E7B112 /* SuperCar.cpp in Sources */,
				FFF60F9E1556DA2300E7B112 /* UsingNewtonMeshTool.cpp in Sources */,
				FFF60FBE1556DBB400E7B112 /* DebugDisplay.cpp in Sources */,
				FFF60FBF1556DBB400E7B112 /* dHighResolutionTimer.cpp in Sources */,
				FFF60FC01556DBB400E7B112 /* dRuntimeProfiler.cpp in Sources */,
				FFF60FC11556DBB400E7B112 /* dSoundManager.cpp in Sources */,
				FFF60FC21556DBB400E7B112 /* HeightFieldPrimitive.cpp in Sources */,
				FFF60FC41556DBB400E7B112 /* MousePick.cpp in Sources */,
				FFF60FC51556DBB400E7B112 /* OpenGlUtil.cpp in Sources */,
				FFF60FC61556DBB400E7B112 /* PhysicsUtils.cpp in Sources */,
				FFF60FC91556DBB400E7B112 /* SkyBox.cpp in Sources */,
				FFF60FCA1556DBB400E7B112 /* TargaToOpenGl.cpp in Sources */,
				FFF60FCB1556DBB400E7B112 /* toolbox_stdafx.cpp in Sources */,
			);
			runOnlyForDeploymentPostprocessing = 0;
		};
/* End PBXSourcesBuildPhase section */

/* Begin PBXTargetDependency section */
		0974657313142A0400DBA2C6 /* PBXTargetDependency */ = {
			isa = PBXTargetDependency;
			name = tinyxml;
			targetProxy = 0974657213142A0400DBA2C6 /* PBXContainerItemProxy */;
		};
		0974657513142A0600DBA2C6 /* PBXTargetDependency */ = {
			isa = PBXTargetDependency;
			name = dContainers;
			targetProxy = 0974657413142A0600DBA2C6 /* PBXContainerItemProxy */;
		};
		0974657713142A0800DBA2C6 /* PBXTargetDependency */ = {
			isa = PBXTargetDependency;
			name = dScene;
			targetProxy = 0974657613142A0800DBA2C6 /* PBXContainerItemProxy */;
		};
		0974657913142A0B00DBA2C6 /* PBXTargetDependency */ = {
			isa = PBXTargetDependency;
			name = dMath;
			targetProxy = 0974657813142A0B00DBA2C6 /* PBXContainerItemProxy */;
		};
/* End PBXTargetDependency section */

/* Begin XCBuildConfiguration section */
		1DEB923208733DC60010E9CD /* Debug */ = {
			isa = XCBuildConfiguration;
			buildSettings = {
				ALWAYS_SEARCH_USER_PATHS = NO;
				ARCHS = "$(ARCHS_STANDARD_32_64_BIT)";
				COPY_PHASE_STRIP = NO;
				GCC_ALTIVEC_EXTENSIONS = YES;
				GCC_DYNAMIC_NO_PIC = NO;
				GCC_ENABLE_FIX_AND_CONTINUE = YES;
				GCC_MODEL_TUNING = G5;
				GCC_OPTIMIZATION_LEVEL = 0;
				GCC_PREPROCESSOR_DEFINITIONS = _MACOSX_VER;
				GCC_SYMBOLS_PRIVATE_EXTERN = NO;
				GCC_VERSION = "";
				HEADER_SEARCH_PATHS = (
					../../../sdkDemos/toolBox,
					../../../../../packages/dMath,
					../../../../../packages/dScene,
					../../../../../packages/dContainers,
					../../../../../packages/thirdParty/tinyxml,
					../../../../../coreLibrary_200/source/newton,
				);
				INSTALL_PATH = /usr/local/bin;
				LIBRARY_SEARCH_PATHS = (
					"$(inherited)",
					"\"$(SRCROOT)/../../../../../coreLibrary_200/projects/mac/OS10_xcode3.2.5/build/Debug\"",
					"\"$(SRCROOT)/../../../../../packages/projects/mac/dScene/build/Debug\"",
					"\"$(SRCROOT)/../../../../../packages/projects/mac/dMath/build/Debug\"",
					"\"$(SRCROOT)/../../../../../packages/projects/mac/tinyxml/build/Debug\"",
					"\"$(SRCROOT)/../../../../../packages/projects/mac/dContainers/build/Debug\"",
					"\"$(SRCROOT)/../../../../../packages/projects/mac/dContainers/build/Release\"",
					"\"$(SRCROOT)/../../../../../packages/projects/mac/dMath/build/Release\"",
					"\"$(SRCROOT)/../../../../../packages/projects/mac/dScene/build/Release\"",
					"\"$(SRCROOT)/../../../../../packages/projects/mac/tinyxml/build/Release\"",
					"\"$(SRCROOT)/../../../../../coreLibrary_200/projects/mac/OS10_xcode3.2.5/build/Release\"",
				);
				MACOSX_DEPLOYMENT_TARGET = 10.6;
				ONLY_ACTIVE_ARCH = YES;
				OTHER_CFLAGS = (
					"-pipe",
					"-g",
					"-Wall",
					"-W",
					"-DQT_GUI_LIB",
					"-DQT_CORE_LIB",
					"-DQT_SHARED",
				);
				PRODUCT_NAME = newtonDemo;
				SDKROOT = macosx10.6;
			};
			name = Debug;
		};
		1DEB923308733DC60010E9CD /* Release */ = {
			isa = XCBuildConfiguration;
			buildSettings = {
				ALWAYS_SEARCH_USER_PATHS = NO;
				ARCHS = "$(ARCHS_STANDARD_32_64_BIT)";
				DEBUG_INFORMATION_FORMAT = "dwarf-with-dsym";
				GCC_ALTIVEC_EXTENSIONS = YES;
				GCC_MODEL_TUNING = G5;
				GCC_PREPROCESSOR_DEFINITIONS = _MACOSX_VER;
				GCC_SYMBOLS_PRIVATE_EXTERN = NO;
				GCC_VERSION = "";
				HEADER_SEARCH_PATHS = (
					../../../sdkDemos/toolBox,
					../../../../../packages/dMath,
					../../../../../packages/dScene,
					../../../../../packages/dContainers,
					../../../../../packages/thirdParty/tinyxml,
					../../../../../coreLibrary_200/source/newton,
				);
				INSTALL_PATH = /usr/local/bin;
				LIBRARY_SEARCH_PATHS = (
					"$(inherited)",
					"\"$(SRCROOT)/../../../../../coreLibrary_200/projects/mac/OS10_xcode3.2.5/build/Debug\"",
					"\"$(SRCROOT)/../../../../../packages/projects/mac/dScene/build/Debug\"",
					"\"$(SRCROOT)/../../../../../packages/projects/mac/dMath/build/Debug\"",
					"\"$(SRCROOT)/../../../../../packages/projects/mac/tinyxml/build/Debug\"",
					"\"$(SRCROOT)/../../../../../packages/projects/mac/dContainers/build/Debug\"",
					"\"$(SRCROOT)/../../../../../packages/projects/mac/dContainers/build/Release\"",
					"\"$(SRCROOT)/../../../../../packages/projects/mac/dMath/build/Release\"",
					"\"$(SRCROOT)/../../../../../packages/projects/mac/dScene/build/Release\"",
					"\"$(SRCROOT)/../../../../../packages/projects/mac/tinyxml/build/Release\"",
					"\"$(SRCROOT)/../../../../../coreLibrary_200/projects/mac/OS10_xcode3.2.5/build/Release\"",
				);
				MACOSX_DEPLOYMENT_TARGET = 10.4;
				ONLY_ACTIVE_ARCH = YES;
				OTHER_CFLAGS = (
					"-pipe",
					"-g",
					"-Wall",
					"-W",
					"-DQT_GUI_LIB",
					"-DQT_CORE_LIB",
					"-DQT_SHARED",
				);
				PRODUCT_NAME = newtonDemo;
				SDKROOT = macosx10.6;
			};
			name = Release;
		};
		1DEB923608733DC60010E9CD /* Debug */ = {
			isa = XCBuildConfiguration;
			buildSettings = {
				ARCHS = "$(ARCHS_STANDARD_32_BIT)";
				GCC_C_LANGUAGE_STANDARD = c99;
				GCC_OPTIMIZATION_LEVEL = 0;
				GCC_WARN_ABOUT_RETURN_TYPE = YES;
				GCC_WARN_UNUSED_VARIABLE = YES;
				ONLY_ACTIVE_ARCH = YES;
				PREBINDING = NO;
				SDKROOT = macosx10.5;
			};
			name = Debug;
		};
		1DEB923708733DC60010E9CD /* Release */ = {
			isa = XCBuildConfiguration;
			buildSettings = {
				ARCHS = "$(ARCHS_STANDARD_32_BIT)";
				GCC_C_LANGUAGE_STANDARD = c99;
				GCC_WARN_ABOUT_RETURN_TYPE = YES;
				GCC_WARN_UNUSED_VARIABLE = YES;
				PREBINDING = NO;
				SDKROOT = macosx10.5;
			};
			name = Release;
		};
/* End XCBuildConfiguration section */

/* Begin XCConfigurationList section */
		1DEB923108733DC60010E9CD /* Build configuration list for PBXNativeTarget "demossSandbox" */ = {
			isa = XCConfigurationList;
			buildConfigurations = (
				1DEB923208733DC60010E9CD /* Debug */,
				1DEB923308733DC60010E9CD /* Release */,
			);
			defaultConfigurationIsVisible = 0;
			defaultConfigurationName = Release;
		};
		1DEB923508733DC60010E9CD /* Build configuration list for PBXProject "demosSandbox" */ = {
			isa = XCConfigurationList;
			buildConfigurations = (
				1DEB923608733DC60010E9CD /* Debug */,
				1DEB923708733DC60010E9CD /* Release */,
			);
			defaultConfigurationIsVisible = 0;
			defaultConfigurationName = Release;
		};
/* End XCConfigurationList section */
	};
	rootObject = 08FB7793FE84155DC02AAC07 /* Project object */;
}
